
Microsoft Visual Studio Solution File, Format Version 12.00
# Visual Studio Version 17
VisualStudioVersion = 17.3.32922.545
MinimumVisualStudioVersion = 10.0.40219.1
Project("{8BC9CEB8-8B4A-11D0-8D11-00A0C91BC942}") = "miemienet", "miemienet.vcxproj", "{43B0ABA3-B134-44CD-AB3C-008096079464}"
EndProject
Global
	GlobalSection(SolutionConfigurationPlatforms) = preSolution
		Debug|x64 = Debug|x64
		Debug|x86 = Debug|x86
		Release|x64 = Release|x64
		Release|x86 = Release|x86
	EndGlobalSection
	GlobalSection(ProjectConfigurationPlatforms) = postSolution
		{43B0ABA3-B134-44CD-AB3C-008096079464}.Debug|x64.ActiveCfg = Debug|x64
		{43B0ABA3-B134-44CD-AB3C-008096079464}.Debug|x64.Build.0 = Debug|x64
		{43B0ABA3-B134-44CD-AB3C-008096079464}.Debug|x86.ActiveCfg = Debug|Win32
		{43B0ABA3-B134-44CD-AB3C-008096079464}.Debug|x86.Build.0 = Debug|Win32
		{43B0ABA3-B134-44CD-AB3C-008096079464}.Release|x64.ActiveCfg = Release|x64
		{43B0ABA3-B134-44CD-AB3C-008096079464}.Release|x64.Build.0 = Release|x64
		{43B0ABA3-B134-44CD-AB3C-008096079464}.Release|x86.ActiveCfg = Release|Win32
		{43B0ABA3-B134-44CD-AB3C-008096079464}.Release|x86.Build.0 = Release|Win32
	EndGlobalSection
	GlobalSection(SolutionProperties) = preSolution
		HideSolutionNode = FALSE
	EndGlobalSection
	GlobalSection(ExtensibilityGlobals) = postSolution
		SolutionGuid = {D5C5C68B-9D2C-4AA0-9672-DD99458A42E8}
	EndGlobalSection
EndGlobal
